
Microsoft Visual Studio Solution File, Format Version 12.00
# Visual Studio Version 16
VisualStudioVersion = 16.0.31025.194
MinimumVisualStudioVersion = 10.0.40219.1
Project("{FAE04EC0-301F-11D3-BF4B-00C04F79EFBC}") = "PlatformGame", "PlatformGame\PlatformGame.csproj", "{98E47293-D5B7-4A2B-86EB-683A2EA51978}"
EndProject
Global
	GlobalSection(SolutionConfigurationPlatforms) = preSolution
		Debug|Any CPU = Debug|Any CPU
		Release|Any CPU = Release|Any CPU
	EndGlobalSection
	GlobalSection(ProjectConfigurationPlatforms) = postSolution
		{98E47293-D5B7-4A2B-86EB-683A2EA51978}.Debug|Any CPU.ActiveCfg = Debug|Any CPU
		{98E47293-D5B7-4A2B-86EB-683A2EA51978}.Debug|Any CPU.Build.0 = Debug|Any CPU
		{98E47293-D5B7-4A2B-86EB-683A2EA51978}.Release|Any CPU.ActiveCfg = Release|Any CPU
		{98E47293-D5B7-4A2B-86EB-683A2EA51978}.Release|Any CPU.Build.0 = Release|Any CPU
	EndGlobalSection
	GlobalSection(SolutionProperties) = preSolution
		HideSolutionNode = FALSE
	EndGlobalSection
	GlobalSection(ExtensibilityGlobals) = postSolution
		SolutionGuid = {1FC2F063-7514-479B-A498-4EABD7496D13}
	EndGlobalSection
EndGlobal
